
Microsoft Visual Studio Solution File, Format Version 12.00
# Visual Studio 2012
Project("{FAE04EC0-301F-11D3-BF4B-00C04F79EFBC}") = "RLS", "WindowsFormsApplication2\RLS.csproj", "{C4B52E05-6DEA-4114-86BB-4763257A3C0F}"
EndProject
Global
	GlobalSection(SolutionConfigurationPlatforms) = preSolution
		Debug|Any CPU = Debug|Any CPU
		Release|Any CPU = Release|Any CPU
	EndGlobalSection
	GlobalSection(ProjectConfigurationPlatforms) = postSolution
		{C4B52E05-6DEA-4114-86BB-4763257A3C0F}.Debug|Any CPU.ActiveCfg = Debug|Any CPU
		{C4B52E05-6DEA-4114-86BB-4763257A3C0F}.Debug|Any CPU.Build.0 = Debug|Any CPU
		{C4B52E05-6DEA-4114-86BB-4763257A3C0F}.Release|Any CPU.ActiveCfg = Release|Any CPU
		{C4B52E05-6DEA-4114-86BB-4763257A3C0F}.Release|Any CPU.Build.0 = Release|Any CPU
	EndGlobalSection
	GlobalSection(SolutionProperties) = preSolution
		HideSolutionNode = FALSE
	EndGlobalSection
EndGlobal
