
Microsoft Visual Studio Solution File, Format Version 10.00
# Visual C# Express 2008
Project("{FAE04EC0-301F-11D3-BF4B-00C04F79EFBC}") = "PCSGU250DLL_Demo", "PCSGU250DLL_Demo\PCSGU250DLL_Demo.csproj", "{861F79BB-4EB9-400E-8396-20EEE99635BF}"
EndProject
Global
	GlobalSection(SolutionConfigurationPlatforms) = preSolution
		Debug|Any CPU = Debug|Any CPU
		Release|Any CPU = Release|Any CPU
	EndGlobalSection
	GlobalSection(ProjectConfigurationPlatforms) = postSolution
		{861F79BB-4EB9-400E-8396-20EEE99635BF}.Debug|Any CPU.ActiveCfg = Debug|Any CPU
		{861F79BB-4EB9-400E-8396-20EEE99635BF}.Debug|Any CPU.Build.0 = Debug|Any CPU
		{861F79BB-4EB9-400E-8396-20EEE99635BF}.Release|Any CPU.ActiveCfg = Release|Any CPU
		{861F79BB-4EB9-400E-8396-20EEE99635BF}.Release|Any CPU.Build.0 = Release|Any CPU
	EndGlobalSection
	GlobalSection(SolutionProperties) = preSolution
		HideSolutionNode = FALSE
	EndGlobalSection
EndGlobal
